
Microsoft Visual Studio Solution File, Format Version 12.00
# Visual Studio Version 17
VisualStudioVersion = 17.5.33516.290
MinimumVisualStudioVersion = 10.0.40219.1
Project("{9A19103F-16F7-4668-BE54-9A1E7A4F7556}") = "BubleSort", "BubleSort\BubleSort.csproj", "{99A14B95-D5A4-44C5-A2F0-21680C841128}"
EndProject
Project("{2150E333-8FDC-42A3-9474-1A3956D46DE8}") = "Sorting", "Sorting", "{EFF8CC29-82BA-4EA1-AC92-D9C5D0EC8B1A}"
EndProject
Project("{9A19103F-16F7-4668-BE54-9A1E7A4F7556}") = "MergeSort", "MergeSort\MergeSort.csproj", "{E74F43DD-F4CA-4035-97EF-7B4B559DFB9B}"
EndProject
Project("{9A19103F-16F7-4668-BE54-9A1E7A4F7556}") = "QuickSort", "InsertSort\QuickSort.csproj", "{CA50DFAC-A8F5-493B-9F4A-70D0A45281E8}"
EndProject
Project("{2150E333-8FDC-42A3-9474-1A3956D46DE8}") = "LeetCode", "LeetCode", "{3D100728-A210-47B7-95B3-EE03B78A2CBF}"
EndProject
Project("{2150E333-8FDC-42A3-9474-1A3956D46DE8}") = "Day 1", "Day 1", "{662CA8F9-75DD-4F15-93A5-7A5EBD55CF55}"
EndProject
Project("{9A19103F-16F7-4668-BE54-9A1E7A4F7556}") = "Running Sum of 1D array", "Running Sum of 1D array\Running Sum of 1D array.csproj", "{88FBEAF5-9087-4A67-A180-C843040DB7EF}"
EndProject
Project("{9A19103F-16F7-4668-BE54-9A1E7A4F7556}") = "Find Pivot Index", "Find Pivot Index\Find Pivot Index.csproj", "{050D476F-C081-450B-842F-CCFA7E3800DC}"
EndProject
Project("{9A19103F-16F7-4668-BE54-9A1E7A4F7556}") = "Delegates", "Delegates\Delegates.csproj", "{9E3A5EED-0127-4735-B38C-61BE03ECA16F}"
EndProject
Project("{2150E333-8FDC-42A3-9474-1A3956D46DE8}") = "Day 2", "Day 2", "{E07187B6-73B2-4788-95C8-182BB0EF819B}"
EndProject
Project("{9A19103F-16F7-4668-BE54-9A1E7A4F7556}") = "Isomorphic Strings", "Isomorphic Strings\Isomorphic Strings.csproj", "{7EB36844-A575-4262-BC91-14720774623D}"
EndProject
Project("{9A19103F-16F7-4668-BE54-9A1E7A4F7556}") = "IsSubsequence", "IsSubsequence\IsSubsequence.csproj", "{CEBC8212-754A-4522-B432-91C699C15C32}"
EndProject
Project("{2150E333-8FDC-42A3-9474-1A3956D46DE8}") = "Project patterns", "Project patterns", "{E6A5429A-706B-4059-8F0D-3975C7C53088}"
EndProject
Project("{2150E333-8FDC-42A3-9474-1A3956D46DE8}") = "Structural", "Structural", "{9FB15A67-FB50-4A98-B18B-4C73F30916E5}"
EndProject
Project("{2150E333-8FDC-42A3-9474-1A3956D46DE8}") = "Creational", "Creational", "{0A32F691-E8D9-42FF-8830-F7EFDB59B5D0}"
EndProject
Project("{2150E333-8FDC-42A3-9474-1A3956D46DE8}") = "Behavioral", "Behavioral", "{2BB2862E-CD74-4ADF-8E2A-84254DA7123E}"
EndProject
Project("{9A19103F-16F7-4668-BE54-9A1E7A4F7556}") = "Bridge", "Bridge\Bridge.csproj", "{A6F5130E-0C72-424B-BA1E-D0016AC3DA1F}"
EndProject
Project("{9A19103F-16F7-4668-BE54-9A1E7A4F7556}") = "Composite", "Composite\Composite.csproj", "{5555F68C-3EA9-4F3D-8B6C-48040A734F8E}"
EndProject
Project("{2150E333-8FDC-42A3-9474-1A3956D46DE8}") = "Day 3", "Day 3", "{2734202A-37DC-45E8-BA53-BC90BA97FA49}"
EndProject
Project("{9A19103F-16F7-4668-BE54-9A1E7A4F7556}") = "Merge Two Sorted List", "Merge Two Sorted List\Merge Two Sorted List.csproj", "{34357335-D6FF-4B79-98CC-87CB2DC06C62}"
EndProject
Project("{9A19103F-16F7-4668-BE54-9A1E7A4F7556}") = "Reverse Linked list", "Reverse Linked list\Reverse Linked list.csproj", "{01305B9C-30A8-45F5-B69E-4791D6D27FF0}"
EndProject
Project("{2150E333-8FDC-42A3-9474-1A3956D46DE8}") = "Learning projects", "Learning projects", "{32E77AB5-D99C-44D7-A03C-AA1CFF0C7DD8}"
EndProject
Project("{9A19103F-16F7-4668-BE54-9A1E7A4F7556}") = "Inheritance", "Inheritance\Inheritance.csproj", "{930E1748-003C-4DDD-9985-433B94279438}"
EndProject
Project("{9A19103F-16F7-4668-BE54-9A1E7A4F7556}") = "LINQ", "LINQ\LINQ.csproj", "{B282EA9F-F434-4CD5-B4A0-66894D0A9371}"
EndProject
Project("{2150E333-8FDC-42A3-9474-1A3956D46DE8}") = "RecrutTasks", "RecrutTasks", "{330F6205-CF3A-4908-99B0-C9F7E16A6E1A}"
EndProject
Project("{9A19103F-16F7-4668-BE54-9A1E7A4F7556}") = "Task 1", "Task 1\Task 1.csproj", "{37692CEC-16C0-4596-B072-5146100AC7D3}"
EndProject
Project("{9A19103F-16F7-4668-BE54-9A1E7A4F7556}") = "Task 2", "Task 2\Task 2.csproj", "{B98568FC-C13D-443E-B0B5-2359049B4A30}"
EndProject
Project("{9A19103F-16F7-4668-BE54-9A1E7A4F7556}") = "Task 3", "Task 3\Task 3.csproj", "{5BDB1EF2-66BA-4A22-937D-0CBD3952FE8A}"
EndProject
Project("{2150E333-8FDC-42A3-9474-1A3956D46DE8}") = "Day 11", "Day 11", "{754F27F0-F483-454F-A719-1227DFD4D152}"
EndProject
Project("{9A19103F-16F7-4668-BE54-9A1E7A4F7556}") = "Unique Paths", "Unique Paths\Unique Paths.csproj", "{04F953C4-CAEA-4A2B-AF5A-ABC5DC3C4AE2}"
EndProject
Project("{2150E333-8FDC-42A3-9474-1A3956D46DE8}") = "Easy", "Easy", "{E04CD3D3-9101-4E04-AD29-D892F0A8F12F}"
EndProject
Project("{9A19103F-16F7-4668-BE54-9A1E7A4F7556}") = "Two Sum", "Two Sum\Two Sum.csproj", "{FA9E5621-58CB-463F-B585-0A9D8F18921B}"
EndProject
Project("{9A19103F-16F7-4668-BE54-9A1E7A4F7556}") = "Roman To integer", "Roman To integer\Roman To integer.csproj", "{AD442140-3385-4E71-8EFD-165117D40173}"
EndProject
Project("{9A19103F-16F7-4668-BE54-9A1E7A4F7556}") = "Longest Common Prefix", "Longest Common Prefix\Longest Common Prefix.csproj", "{C71FD38F-C91E-46F6-9620-46B6789CD4B0}"
EndProject
Project("{9A19103F-16F7-4668-BE54-9A1E7A4F7556}") = "Valid Parentheses", "Valid Parentheses\Valid Parentheses.csproj", "{FA1DA3A8-0BA1-4321-92E5-BE59A881D4F6}"
EndProject
Project("{9A19103F-16F7-4668-BE54-9A1E7A4F7556}") = "RemoveDuplicatesFromSortedArray", "RemoveDuplicatesFromSortedArray\RemoveDuplicatesFromSortedArray.csproj", "{832CE6EF-34CB-48BD-BA14-80700A6DACDE}"
EndProject
Project("{9A19103F-16F7-4668-BE54-9A1E7A4F7556}") = "Find the Index of the First Occurrence in a String", "Find the Index of the First Occurrence in a String\Find the Index of the First Occurrence in a String.csproj", "{B9AA2E33-E2D9-45DF-9860-C9952D963EA4}"
EndProject
Project("{9A19103F-16F7-4668-BE54-9A1E7A4F7556}") = "Decorator", "Decorator1\Decorator.csproj", "{BC4AF664-E872-4E76-B89C-E04586FE376F}"
EndProject
Project("{9A19103F-16F7-4668-BE54-9A1E7A4F7556}") = "Facade", "Facade\Facade.csproj", "{E355242E-489A-491B-84A8-1718A83AAE02}"
EndProject
Project("{2150E333-8FDC-42A3-9474-1A3956D46DE8}") = "Other", "Other", "{3A294DC1-A593-45C5-9862-4E708F98B54D}"
EndProject
Project("{2150E333-8FDC-42A3-9474-1A3956D46DE8}") = "GenericRepository", "GenericRepository", "{A6D41471-EB57-4FC4-8200-8973C3B23CEE}"
EndProject
Project("{9A19103F-16F7-4668-BE54-9A1E7A4F7556}") = "RepositoryPattern", "RepositoryPattern\RepositoryPattern.csproj", "{1F9BE9C7-B904-494D-849A-2326C21A2B78}"
EndProject
Project("{9A19103F-16F7-4668-BE54-9A1E7A4F7556}") = "Plus One1", "Plus One1\Plus One1.csproj", "{5FFB2A0F-1829-40A5-BA5B-8EBD8D54536D}"
EndProject
Project("{2150E333-8FDC-42A3-9474-1A3956D46DE8}") = "RecruteTask", "RecruteTask", "{84FF68DC-20A5-4FD3-BBAC-6144B055FC62}"
EndProject
Project("{9A19103F-16F7-4668-BE54-9A1E7A4F7556}") = "Task1", "Task1\Task1.csproj", "{3FBA5549-2952-4BD0-87A2-74647D3BA81E}"
EndProject
Project("{9A19103F-16F7-4668-BE54-9A1E7A4F7556}") = "ListGenerator", "ListGenerator\ListGenerator.csproj", "{A6FE2971-FF00-45BE-9DB8-3EACBE26D418}"
EndProject
Project("{9A19103F-16F7-4668-BE54-9A1E7A4F7556}") = "GetLongest", "GetLongest\GetLongest.csproj", "{293D79A4-9593-4F78-8939-4FF26E3904A5}"
EndProject
Project("{9A19103F-16F7-4668-BE54-9A1E7A4F7556}") = "ScheduleValidator", "ScheduleValidator\ScheduleValidator.csproj", "{E8F837BC-9299-4A1E-9EE3-957ADA29957D}"
EndProject
Project("{9A19103F-16F7-4668-BE54-9A1E7A4F7556}") = "VintedAPI", "VintedAPI\VintedAPI.csproj", "{321A81C1-8BE5-458A-978F-32A086F018C2}"
EndProject
Project("{9A19103F-16F7-4668-BE54-9A1E7A4F7556}") = "Challange", "SamaraCodingChallange\Challange.csproj", "{F73DFD1A-45D4-49EF-83EC-B77492AE61C2}"
EndProject
Project("{9A19103F-16F7-4668-BE54-9A1E7A4F7556}") = "VintedScapler", "VintedScapler\VintedScapler.csproj", "{57153778-269D-46D0-8D3D-DFBCD26A5AD2}"
EndProject
Project("{9A19103F-16F7-4668-BE54-9A1E7A4F7556}") = "SampleClass", "SampleClass\SampleClass.csproj", "{74E2A243-E2E1-4CCD-91B8-8ADA1833238D}"
EndProject
Project("{9A19103F-16F7-4668-BE54-9A1E7A4F7556}") = "Static Classes", "Static Classes\Static Classes.csproj", "{0C2A1D29-E412-45AC-99BF-D337145FD3B6}"
EndProject
Project("{9A19103F-16F7-4668-BE54-9A1E7A4F7556}") = "MinimalAPI", "MinimalAPI\MinimalAPI.csproj", "{BAA5DDCE-9FCF-4460-96AB-18F5AD4E5012}"
EndProject
Project("{9A19103F-16F7-4668-BE54-9A1E7A4F7556}") = "SwitchPractice", "SwitchPractice\SwitchPractice.csproj", "{9B5AB3DC-4170-40A5-BCF9-43FBA2CCA608}"
EndProject
Project("{9A19103F-16F7-4668-BE54-9A1E7A4F7556}") = "FluentValidator Practice", "FluentValidator Practice\FluentValidator Practice.csproj", "{FCA03622-A2E3-4E10-9147-530E30EC2AE2}"
EndProject
Project("{9A19103F-16F7-4668-BE54-9A1E7A4F7556}") = "ForElseSolution", "ForElseSolution\ForElseSolution.csproj", "{12A448F7-F539-4299-B5BA-2BFD2669902C}"
EndProject
Project("{9A19103F-16F7-4668-BE54-9A1E7A4F7556}") = "IndexedClass", "IndexedClass\IndexedClass.csproj", "{72BE3BE5-0BA3-44E0-9FDA-F6238A69742B}"
EndProject
Project("{9A19103F-16F7-4668-BE54-9A1E7A4F7556}") = "ProtectedClass", "ProtectedClass\ProtectedClass.csproj", "{485A6061-47A7-4A83-AFBD-860301B95634}"
EndProject
Project("{9A19103F-16F7-4668-BE54-9A1E7A4F7556}") = "StaticConstrutor", "StaticConstrutor\StaticConstrutor.csproj", "{81EEBB8F-AB08-4AE6-9FC4-D580F81A02D5}"
EndProject
Project("{9A19103F-16F7-4668-BE54-9A1E7A4F7556}") = "Events", "Events\Events.csproj", "{3A830F89-8137-461D-9A2D-8019AAD2F1C4}"
EndProject
Project("{2150E333-8FDC-42A3-9474-1A3956D46DE8}") = "NewFolder1", "NewFolder1", "{084DF61F-964B-40BB-92A3-8392D6014EDB}"
EndProject
Project("{2150E333-8FDC-42A3-9474-1A3956D46DE8}") = "CodeWars", "CodeWars", "{2DA941C2-6F13-476B-8D1C-750522BCF927}"
EndProject
Project("{FAE04EC0-301F-11D3-BF4B-00C04F79EFBC}") = "Disemvovwel Trolls", "Disemvovwel Trolls\Disemvovwel Trolls.csproj", "{02C65460-26DE-4B24-9F55-E480E2632113}"
EndProject
Global
	GlobalSection(SolutionConfigurationPlatforms) = preSolution
		Debug|Any CPU = Debug|Any CPU
		Release|Any CPU = Release|Any CPU
	EndGlobalSection
	GlobalSection(ProjectConfigurationPlatforms) = postSolution
		{99A14B95-D5A4-44C5-A2F0-21680C841128}.Debug|Any CPU.ActiveCfg = Debug|Any CPU
		{99A14B95-D5A4-44C5-A2F0-21680C841128}.Debug|Any CPU.Build.0 = Debug|Any CPU
		{99A14B95-D5A4-44C5-A2F0-21680C841128}.Release|Any CPU.ActiveCfg = Release|Any CPU
		{99A14B95-D5A4-44C5-A2F0-21680C841128}.Release|Any CPU.Build.0 = Release|Any CPU
		{E74F43DD-F4CA-4035-97EF-7B4B559DFB9B}.Debug|Any CPU.ActiveCfg = Debug|Any CPU
		{E74F43DD-F4CA-4035-97EF-7B4B559DFB9B}.Debug|Any CPU.Build.0 = Debug|Any CPU
		{E74F43DD-F4CA-4035-97EF-7B4B559DFB9B}.Release|Any CPU.ActiveCfg = Release|Any CPU
		{E74F43DD-F4CA-4035-97EF-7B4B559DFB9B}.Release|Any CPU.Build.0 = Release|Any CPU
		{CA50DFAC-A8F5-493B-9F4A-70D0A45281E8}.Debug|Any CPU.ActiveCfg = Debug|Any CPU
		{CA50DFAC-A8F5-493B-9F4A-70D0A45281E8}.Debug|Any CPU.Build.0 = Debug|Any CPU
		{CA50DFAC-A8F5-493B-9F4A-70D0A45281E8}.Release|Any CPU.ActiveCfg = Release|Any CPU
		{CA50DFAC-A8F5-493B-9F4A-70D0A45281E8}.Release|Any CPU.Build.0 = Release|Any CPU
		{88FBEAF5-9087-4A67-A180-C843040DB7EF}.Debug|Any CPU.ActiveCfg = Debug|Any CPU
		{88FBEAF5-9087-4A67-A180-C843040DB7EF}.Debug|Any CPU.Build.0 = Debug|Any CPU
		{88FBEAF5-9087-4A67-A180-C843040DB7EF}.Release|Any CPU.ActiveCfg = Release|Any CPU
		{88FBEAF5-9087-4A67-A180-C843040DB7EF}.Release|Any CPU.Build.0 = Release|Any CPU
		{050D476F-C081-450B-842F-CCFA7E3800DC}.Debug|Any CPU.ActiveCfg = Debug|Any CPU
		{050D476F-C081-450B-842F-CCFA7E3800DC}.Debug|Any CPU.Build.0 = Debug|Any CPU
		{050D476F-C081-450B-842F-CCFA7E3800DC}.Release|Any CPU.ActiveCfg = Release|Any CPU
		{050D476F-C081-450B-842F-CCFA7E3800DC}.Release|Any CPU.Build.0 = Release|Any CPU
		{9E3A5EED-0127-4735-B38C-61BE03ECA16F}.Debug|Any CPU.ActiveCfg = Debug|Any CPU
		{9E3A5EED-0127-4735-B38C-61BE03ECA16F}.Debug|Any CPU.Build.0 = Debug|Any CPU
		{9E3A5EED-0127-4735-B38C-61BE03ECA16F}.Release|Any CPU.ActiveCfg = Release|Any CPU
		{9E3A5EED-0127-4735-B38C-61BE03ECA16F}.Release|Any CPU.Build.0 = Release|Any CPU
		{7EB36844-A575-4262-BC91-14720774623D}.Debug|Any CPU.ActiveCfg = Debug|Any CPU
		{7EB36844-A575-4262-BC91-14720774623D}.Debug|Any CPU.Build.0 = Debug|Any CPU
		{7EB36844-A575-4262-BC91-14720774623D}.Release|Any CPU.ActiveCfg = Release|Any CPU
		{7EB36844-A575-4262-BC91-14720774623D}.Release|Any CPU.Build.0 = Release|Any CPU
		{CEBC8212-754A-4522-B432-91C699C15C32}.Debug|Any CPU.ActiveCfg = Debug|Any CPU
		{CEBC8212-754A-4522-B432-91C699C15C32}.Debug|Any CPU.Build.0 = Debug|Any CPU
		{CEBC8212-754A-4522-B432-91C699C15C32}.Release|Any CPU.ActiveCfg = Release|Any CPU
		{CEBC8212-754A-4522-B432-91C699C15C32}.Release|Any CPU.Build.0 = Release|Any CPU
		{A6F5130E-0C72-424B-BA1E-D0016AC3DA1F}.Debug|Any CPU.ActiveCfg = Debug|Any CPU
		{A6F5130E-0C72-424B-BA1E-D0016AC3DA1F}.Debug|Any CPU.Build.0 = Debug|Any CPU
		{A6F5130E-0C72-424B-BA1E-D0016AC3DA1F}.Release|Any CPU.ActiveCfg = Release|Any CPU
		{A6F5130E-0C72-424B-BA1E-D0016AC3DA1F}.Release|Any CPU.Build.0 = Release|Any CPU
		{5555F68C-3EA9-4F3D-8B6C-48040A734F8E}.Debug|Any CPU.ActiveCfg = Debug|Any CPU
		{5555F68C-3EA9-4F3D-8B6C-48040A734F8E}.Debug|Any CPU.Build.0 = Debug|Any CPU
		{5555F68C-3EA9-4F3D-8B6C-48040A734F8E}.Release|Any CPU.ActiveCfg = Release|Any CPU
		{5555F68C-3EA9-4F3D-8B6C-48040A734F8E}.Release|Any CPU.Build.0 = Release|Any CPU
		{34357335-D6FF-4B79-98CC-87CB2DC06C62}.Debug|Any CPU.ActiveCfg = Debug|Any CPU
		{34357335-D6FF-4B79-98CC-87CB2DC06C62}.Debug|Any CPU.Build.0 = Debug|Any CPU
		{34357335-D6FF-4B79-98CC-87CB2DC06C62}.Release|Any CPU.ActiveCfg = Release|Any CPU
		{34357335-D6FF-4B79-98CC-87CB2DC06C62}.Release|Any CPU.Build.0 = Release|Any CPU
		{01305B9C-30A8-45F5-B69E-4791D6D27FF0}.Debug|Any CPU.ActiveCfg = Debug|Any CPU
		{01305B9C-30A8-45F5-B69E-4791D6D27FF0}.Debug|Any CPU.Build.0 = Debug|Any CPU
		{01305B9C-30A8-45F5-B69E-4791D6D27FF0}.Release|Any CPU.ActiveCfg = Release|Any CPU
		{01305B9C-30A8-45F5-B69E-4791D6D27FF0}.Release|Any CPU.Build.0 = Release|Any CPU
		{930E1748-003C-4DDD-9985-433B94279438}.Debug|Any CPU.ActiveCfg = Debug|Any CPU
		{930E1748-003C-4DDD-9985-433B94279438}.Debug|Any CPU.Build.0 = Debug|Any CPU
		{930E1748-003C-4DDD-9985-433B94279438}.Release|Any CPU.ActiveCfg = Release|Any CPU
		{930E1748-003C-4DDD-9985-433B94279438}.Release|Any CPU.Build.0 = Release|Any CPU
		{B282EA9F-F434-4CD5-B4A0-66894D0A9371}.Debug|Any CPU.ActiveCfg = Debug|Any CPU
		{B282EA9F-F434-4CD5-B4A0-66894D0A9371}.Debug|Any CPU.Build.0 = Debug|Any CPU
		{B282EA9F-F434-4CD5-B4A0-66894D0A9371}.Release|Any CPU.ActiveCfg = Release|Any CPU
		{B282EA9F-F434-4CD5-B4A0-66894D0A9371}.Release|Any CPU.Build.0 = Release|Any CPU
		{37692CEC-16C0-4596-B072-5146100AC7D3}.Debug|Any CPU.ActiveCfg = Debug|Any CPU
		{37692CEC-16C0-4596-B072-5146100AC7D3}.Debug|Any CPU.Build.0 = Debug|Any CPU
		{37692CEC-16C0-4596-B072-5146100AC7D3}.Release|Any CPU.ActiveCfg = Release|Any CPU
		{37692CEC-16C0-4596-B072-5146100AC7D3}.Release|Any CPU.Build.0 = Release|Any CPU
		{B98568FC-C13D-443E-B0B5-2359049B4A30}.Debug|Any CPU.ActiveCfg = Debug|Any CPU
		{B98568FC-C13D-443E-B0B5-2359049B4A30}.Debug|Any CPU.Build.0 = Debug|Any CPU
		{B98568FC-C13D-443E-B0B5-2359049B4A30}.Release|Any CPU.ActiveCfg = Release|Any CPU
		{B98568FC-C13D-443E-B0B5-2359049B4A30}.Release|Any CPU.Build.0 = Release|Any CPU
		{5BDB1EF2-66BA-4A22-937D-0CBD3952FE8A}.Debug|Any CPU.ActiveCfg = Debug|Any CPU
		{5BDB1EF2-66BA-4A22-937D-0CBD3952FE8A}.Debug|Any CPU.Build.0 = Debug|Any CPU
		{5BDB1EF2-66BA-4A22-937D-0CBD3952FE8A}.Release|Any CPU.ActiveCfg = Release|Any CPU
		{5BDB1EF2-66BA-4A22-937D-0CBD3952FE8A}.Release|Any CPU.Build.0 = Release|Any CPU
		{04F953C4-CAEA-4A2B-AF5A-ABC5DC3C4AE2}.Debug|Any CPU.ActiveCfg = Debug|Any CPU
		{04F953C4-CAEA-4A2B-AF5A-ABC5DC3C4AE2}.Debug|Any CPU.Build.0 = Debug|Any CPU
		{04F953C4-CAEA-4A2B-AF5A-ABC5DC3C4AE2}.Release|Any CPU.ActiveCfg = Release|Any CPU
		{04F953C4-CAEA-4A2B-AF5A-ABC5DC3C4AE2}.Release|Any CPU.Build.0 = Release|Any CPU
		{FA9E5621-58CB-463F-B585-0A9D8F18921B}.Debug|Any CPU.ActiveCfg = Debug|Any CPU
		{FA9E5621-58CB-463F-B585-0A9D8F18921B}.Debug|Any CPU.Build.0 = Debug|Any CPU
		{FA9E5621-58CB-463F-B585-0A9D8F18921B}.Release|Any CPU.ActiveCfg = Release|Any CPU
		{FA9E5621-58CB-463F-B585-0A9D8F18921B}.Release|Any CPU.Build.0 = Release|Any CPU
		{AD442140-3385-4E71-8EFD-165117D40173}.Debug|Any CPU.ActiveCfg = Debug|Any CPU
		{AD442140-3385-4E71-8EFD-165117D40173}.Debug|Any CPU.Build.0 = Debug|Any CPU
		{AD442140-3385-4E71-8EFD-165117D40173}.Release|Any CPU.ActiveCfg = Release|Any CPU
		{AD442140-3385-4E71-8EFD-165117D40173}.Release|Any CPU.Build.0 = Release|Any CPU
		{C71FD38F-C91E-46F6-9620-46B6789CD4B0}.Debug|Any CPU.ActiveCfg = Debug|Any CPU
		{C71FD38F-C91E-46F6-9620-46B6789CD4B0}.Debug|Any CPU.Build.0 = Debug|Any CPU
		{C71FD38F-C91E-46F6-9620-46B6789CD4B0}.Release|Any CPU.ActiveCfg = Release|Any CPU
		{C71FD38F-C91E-46F6-9620-46B6789CD4B0}.Release|Any CPU.Build.0 = Release|Any CPU
		{FA1DA3A8-0BA1-4321-92E5-BE59A881D4F6}.Debug|Any CPU.ActiveCfg = Debug|Any CPU
		{FA1DA3A8-0BA1-4321-92E5-BE59A881D4F6}.Debug|Any CPU.Build.0 = Debug|Any CPU
		{FA1DA3A8-0BA1-4321-92E5-BE59A881D4F6}.Release|Any CPU.ActiveCfg = Release|Any CPU
		{FA1DA3A8-0BA1-4321-92E5-BE59A881D4F6}.Release|Any CPU.Build.0 = Release|Any CPU
		{832CE6EF-34CB-48BD-BA14-80700A6DACDE}.Debug|Any CPU.ActiveCfg = Debug|Any CPU
		{832CE6EF-34CB-48BD-BA14-80700A6DACDE}.Debug|Any CPU.Build.0 = Debug|Any CPU
		{832CE6EF-34CB-48BD-BA14-80700A6DACDE}.Release|Any CPU.ActiveCfg = Release|Any CPU
		{832CE6EF-34CB-48BD-BA14-80700A6DACDE}.Release|Any CPU.Build.0 = Release|Any CPU
		{B9AA2E33-E2D9-45DF-9860-C9952D963EA4}.Debug|Any CPU.ActiveCfg = Debug|Any CPU
		{B9AA2E33-E2D9-45DF-9860-C9952D963EA4}.Debug|Any CPU.Build.0 = Debug|Any CPU
		{B9AA2E33-E2D9-45DF-9860-C9952D963EA4}.Release|Any CPU.ActiveCfg = Release|Any CPU
		{B9AA2E33-E2D9-45DF-9860-C9952D963EA4}.Release|Any CPU.Build.0 = Release|Any CPU
		{BC4AF664-E872-4E76-B89C-E04586FE376F}.Debug|Any CPU.ActiveCfg = Debug|Any CPU
		{BC4AF664-E872-4E76-B89C-E04586FE376F}.Debug|Any CPU.Build.0 = Debug|Any CPU
		{BC4AF664-E872-4E76-B89C-E04586FE376F}.Release|Any CPU.ActiveCfg = Release|Any CPU
		{BC4AF664-E872-4E76-B89C-E04586FE376F}.Release|Any CPU.Build.0 = Release|Any CPU
		{E355242E-489A-491B-84A8-1718A83AAE02}.Debug|Any CPU.ActiveCfg = Debug|Any CPU
		{E355242E-489A-491B-84A8-1718A83AAE02}.Debug|Any CPU.Build.0 = Debug|Any CPU
		{E355242E-489A-491B-84A8-1718A83AAE02}.Release|Any CPU.ActiveCfg = Release|Any CPU
		{E355242E-489A-491B-84A8-1718A83AAE02}.Release|Any CPU.Build.0 = Release|Any CPU
		{1F9BE9C7-B904-494D-849A-2326C21A2B78}.Debug|Any CPU.ActiveCfg = Debug|Any CPU
		{1F9BE9C7-B904-494D-849A-2326C21A2B78}.Debug|Any CPU.Build.0 = Debug|Any CPU
		{1F9BE9C7-B904-494D-849A-2326C21A2B78}.Release|Any CPU.ActiveCfg = Release|Any CPU
		{1F9BE9C7-B904-494D-849A-2326C21A2B78}.Release|Any CPU.Build.0 = Release|Any CPU
		{5FFB2A0F-1829-40A5-BA5B-8EBD8D54536D}.Debug|Any CPU.ActiveCfg = Debug|Any CPU
		{5FFB2A0F-1829-40A5-BA5B-8EBD8D54536D}.Debug|Any CPU.Build.0 = Debug|Any CPU
		{5FFB2A0F-1829-40A5-BA5B-8EBD8D54536D}.Release|Any CPU.ActiveCfg = Release|Any CPU
		{5FFB2A0F-1829-40A5-BA5B-8EBD8D54536D}.Release|Any CPU.Build.0 = Release|Any CPU
		{3FBA5549-2952-4BD0-87A2-74647D3BA81E}.Debug|Any CPU.ActiveCfg = Debug|Any CPU
		{3FBA5549-2952-4BD0-87A2-74647D3BA81E}.Debug|Any CPU.Build.0 = Debug|Any CPU
		{3FBA5549-2952-4BD0-87A2-74647D3BA81E}.Release|Any CPU.ActiveCfg = Release|Any CPU
		{3FBA5549-2952-4BD0-87A2-74647D3BA81E}.Release|Any CPU.Build.0 = Release|Any CPU
		{A6FE2971-FF00-45BE-9DB8-3EACBE26D418}.Debug|Any CPU.ActiveCfg = Debug|Any CPU
		{A6FE2971-FF00-45BE-9DB8-3EACBE26D418}.Debug|Any CPU.Build.0 = Debug|Any CPU
		{A6FE2971-FF00-45BE-9DB8-3EACBE26D418}.Release|Any CPU.ActiveCfg = Release|Any CPU
		{A6FE2971-FF00-45BE-9DB8-3EACBE26D418}.Release|Any CPU.Build.0 = Release|Any CPU
		{293D79A4-9593-4F78-8939-4FF26E3904A5}.Debug|Any CPU.ActiveCfg = Debug|Any CPU
		{293D79A4-9593-4F78-8939-4FF26E3904A5}.Debug|Any CPU.Build.0 = Debug|Any CPU
		{293D79A4-9593-4F78-8939-4FF26E3904A5}.Release|Any CPU.ActiveCfg = Release|Any CPU
		{293D79A4-9593-4F78-8939-4FF26E3904A5}.Release|Any CPU.Build.0 = Release|Any CPU
		{E8F837BC-9299-4A1E-9EE3-957ADA29957D}.Debug|Any CPU.ActiveCfg = Debug|Any CPU
		{E8F837BC-9299-4A1E-9EE3-957ADA29957D}.Debug|Any CPU.Build.0 = Debug|Any CPU
		{E8F837BC-9299-4A1E-9EE3-957ADA29957D}.Release|Any CPU.ActiveCfg = Release|Any CPU
		{E8F837BC-9299-4A1E-9EE3-957ADA29957D}.Release|Any CPU.Build.0 = Release|Any CPU
		{321A81C1-8BE5-458A-978F-32A086F018C2}.Debug|Any CPU.ActiveCfg = Debug|Any CPU
		{321A81C1-8BE5-458A-978F-32A086F018C2}.Debug|Any CPU.Build.0 = Debug|Any CPU
		{321A81C1-8BE5-458A-978F-32A086F018C2}.Release|Any CPU.ActiveCfg = Release|Any CPU
		{321A81C1-8BE5-458A-978F-32A086F018C2}.Release|Any CPU.Build.0 = Release|Any CPU
		{F73DFD1A-45D4-49EF-83EC-B77492AE61C2}.Debug|Any CPU.ActiveCfg = Debug|Any CPU
		{F73DFD1A-45D4-49EF-83EC-B77492AE61C2}.Debug|Any CPU.Build.0 = Debug|Any CPU
		{F73DFD1A-45D4-49EF-83EC-B77492AE61C2}.Release|Any CPU.ActiveCfg = Release|Any CPU
		{F73DFD1A-45D4-49EF-83EC-B77492AE61C2}.Release|Any CPU.Build.0 = Release|Any CPU
		{57153778-269D-46D0-8D3D-DFBCD26A5AD2}.Debug|Any CPU.ActiveCfg = Debug|Any CPU
		{57153778-269D-46D0-8D3D-DFBCD26A5AD2}.Debug|Any CPU.Build.0 = Debug|Any CPU
		{57153778-269D-46D0-8D3D-DFBCD26A5AD2}.Release|Any CPU.ActiveCfg = Release|Any CPU
		{57153778-269D-46D0-8D3D-DFBCD26A5AD2}.Release|Any CPU.Build.0 = Release|Any CPU
		{74E2A243-E2E1-4CCD-91B8-8ADA1833238D}.Debug|Any CPU.ActiveCfg = Debug|Any CPU
		{74E2A243-E2E1-4CCD-91B8-8ADA1833238D}.Debug|Any CPU.Build.0 = Debug|Any CPU
		{74E2A243-E2E1-4CCD-91B8-8ADA1833238D}.Release|Any CPU.ActiveCfg = Release|Any CPU
		{74E2A243-E2E1-4CCD-91B8-8ADA1833238D}.Release|Any CPU.Build.0 = Release|Any CPU
		{0C2A1D29-E412-45AC-99BF-D337145FD3B6}.Debug|Any CPU.ActiveCfg = Debug|Any CPU
		{0C2A1D29-E412-45AC-99BF-D337145FD3B6}.Debug|Any CPU.Build.0 = Debug|Any CPU
		{0C2A1D29-E412-45AC-99BF-D337145FD3B6}.Release|Any CPU.ActiveCfg = Release|Any CPU
		{0C2A1D29-E412-45AC-99BF-D337145FD3B6}.Release|Any CPU.Build.0 = Release|Any CPU
		{BAA5DDCE-9FCF-4460-96AB-18F5AD4E5012}.Debug|Any CPU.ActiveCfg = Debug|Any CPU
		{BAA5DDCE-9FCF-4460-96AB-18F5AD4E5012}.Debug|Any CPU.Build.0 = Debug|Any CPU
		{BAA5DDCE-9FCF-4460-96AB-18F5AD4E5012}.Release|Any CPU.ActiveCfg = Release|Any CPU
		{BAA5DDCE-9FCF-4460-96AB-18F5AD4E5012}.Release|Any CPU.Build.0 = Release|Any CPU
		{9B5AB3DC-4170-40A5-BCF9-43FBA2CCA608}.Debug|Any CPU.ActiveCfg = Debug|Any CPU
		{9B5AB3DC-4170-40A5-BCF9-43FBA2CCA608}.Debug|Any CPU.Build.0 = Debug|Any CPU
		{9B5AB3DC-4170-40A5-BCF9-43FBA2CCA608}.Release|Any CPU.ActiveCfg = Release|Any CPU
		{9B5AB3DC-4170-40A5-BCF9-43FBA2CCA608}.Release|Any CPU.Build.0 = Release|Any CPU
		{FCA03622-A2E3-4E10-9147-530E30EC2AE2}.Debug|Any CPU.ActiveCfg = Debug|Any CPU
		{FCA03622-A2E3-4E10-9147-530E30EC2AE2}.Debug|Any CPU.Build.0 = Debug|Any CPU
		{FCA03622-A2E3-4E10-9147-530E30EC2AE2}.Release|Any CPU.ActiveCfg = Release|Any CPU
		{FCA03622-A2E3-4E10-9147-530E30EC2AE2}.Release|Any CPU.Build.0 = Release|Any CPU
		{12A448F7-F539-4299-B5BA-2BFD2669902C}.Debug|Any CPU.ActiveCfg = Debug|Any CPU
		{12A448F7-F539-4299-B5BA-2BFD2669902C}.Debug|Any CPU.Build.0 = Debug|Any CPU
		{12A448F7-F539-4299-B5BA-2BFD2669902C}.Release|Any CPU.ActiveCfg = Release|Any CPU
		{12A448F7-F539-4299-B5BA-2BFD2669902C}.Release|Any CPU.Build.0 = Release|Any CPU
		{72BE3BE5-0BA3-44E0-9FDA-F6238A69742B}.Debug|Any CPU.ActiveCfg = Debug|Any CPU
		{72BE3BE5-0BA3-44E0-9FDA-F6238A69742B}.Debug|Any CPU.Build.0 = Debug|Any CPU
		{72BE3BE5-0BA3-44E0-9FDA-F6238A69742B}.Release|Any CPU.ActiveCfg = Release|Any CPU
		{72BE3BE5-0BA3-44E0-9FDA-F6238A69742B}.Release|Any CPU.Build.0 = Release|Any CPU
		{485A6061-47A7-4A83-AFBD-860301B95634}.Debug|Any CPU.ActiveCfg = Debug|Any CPU
		{485A6061-47A7-4A83-AFBD-860301B95634}.Debug|Any CPU.Build.0 = Debug|Any CPU
		{485A6061-47A7-4A83-AFBD-860301B95634}.Release|Any CPU.ActiveCfg = Release|Any CPU
		{485A6061-47A7-4A83-AFBD-860301B95634}.Release|Any CPU.Build.0 = Release|Any CPU
		{81EEBB8F-AB08-4AE6-9FC4-D580F81A02D5}.Debug|Any CPU.ActiveCfg = Debug|Any CPU
		{81EEBB8F-AB08-4AE6-9FC4-D580F81A02D5}.Debug|Any CPU.Build.0 = Debug|Any CPU
		{81EEBB8F-AB08-4AE6-9FC4-D580F81A02D5}.Release|Any CPU.ActiveCfg = Release|Any CPU
		{81EEBB8F-AB08-4AE6-9FC4-D580F81A02D5}.Release|Any CPU.Build.0 = Release|Any CPU
		{3A830F89-8137-461D-9A2D-8019AAD2F1C4}.Debug|Any CPU.ActiveCfg = Debug|Any CPU
		{3A830F89-8137-461D-9A2D-8019AAD2F1C4}.Debug|Any CPU.Build.0 = Debug|Any CPU
		{3A830F89-8137-461D-9A2D-8019AAD2F1C4}.Release|Any CPU.ActiveCfg = Release|Any CPU
		{3A830F89-8137-461D-9A2D-8019AAD2F1C4}.Release|Any CPU.Build.0 = Release|Any CPU
		{02C65460-26DE-4B24-9F55-E480E2632113}.Debug|Any CPU.ActiveCfg = Debug|Any CPU
		{02C65460-26DE-4B24-9F55-E480E2632113}.Debug|Any CPU.Build.0 = Debug|Any CPU
		{02C65460-26DE-4B24-9F55-E480E2632113}.Release|Any CPU.ActiveCfg = Release|Any CPU
		{02C65460-26DE-4B24-9F55-E480E2632113}.Release|Any CPU.Build.0 = Release|Any CPU
	EndGlobalSection
	GlobalSection(SolutionProperties) = preSolution
		HideSolutionNode = FALSE
	EndGlobalSection
	GlobalSection(NestedProjects) = preSolution
		{99A14B95-D5A4-44C5-A2F0-21680C841128} = {EFF8CC29-82BA-4EA1-AC92-D9C5D0EC8B1A}
		{E74F43DD-F4CA-4035-97EF-7B4B559DFB9B} = {EFF8CC29-82BA-4EA1-AC92-D9C5D0EC8B1A}
		{CA50DFAC-A8F5-493B-9F4A-70D0A45281E8} = {EFF8CC29-82BA-4EA1-AC92-D9C5D0EC8B1A}
		{662CA8F9-75DD-4F15-93A5-7A5EBD55CF55} = {3D100728-A210-47B7-95B3-EE03B78A2CBF}
		{88FBEAF5-9087-4A67-A180-C843040DB7EF} = {662CA8F9-75DD-4F15-93A5-7A5EBD55CF55}
		{050D476F-C081-450B-842F-CCFA7E3800DC} = {662CA8F9-75DD-4F15-93A5-7A5EBD55CF55}
		{E07187B6-73B2-4788-95C8-182BB0EF819B} = {3D100728-A210-47B7-95B3-EE03B78A2CBF}
		{7EB36844-A575-4262-BC91-14720774623D} = {E07187B6-73B2-4788-95C8-182BB0EF819B}
		{CEBC8212-754A-4522-B432-91C699C15C32} = {E07187B6-73B2-4788-95C8-182BB0EF819B}
		{9FB15A67-FB50-4A98-B18B-4C73F30916E5} = {E6A5429A-706B-4059-8F0D-3975C7C53088}
		{0A32F691-E8D9-42FF-8830-F7EFDB59B5D0} = {E6A5429A-706B-4059-8F0D-3975C7C53088}
		{2BB2862E-CD74-4ADF-8E2A-84254DA7123E} = {E6A5429A-706B-4059-8F0D-3975C7C53088}
		{A6F5130E-0C72-424B-BA1E-D0016AC3DA1F} = {9FB15A67-FB50-4A98-B18B-4C73F30916E5}
		{5555F68C-3EA9-4F3D-8B6C-48040A734F8E} = {9FB15A67-FB50-4A98-B18B-4C73F30916E5}
		{2734202A-37DC-45E8-BA53-BC90BA97FA49} = {3D100728-A210-47B7-95B3-EE03B78A2CBF}
		{34357335-D6FF-4B79-98CC-87CB2DC06C62} = {2734202A-37DC-45E8-BA53-BC90BA97FA49}
		{01305B9C-30A8-45F5-B69E-4791D6D27FF0} = {2734202A-37DC-45E8-BA53-BC90BA97FA49}
		{930E1748-003C-4DDD-9985-433B94279438} = {32E77AB5-D99C-44D7-A03C-AA1CFF0C7DD8}
		{B282EA9F-F434-4CD5-B4A0-66894D0A9371} = {32E77AB5-D99C-44D7-A03C-AA1CFF0C7DD8}
		{37692CEC-16C0-4596-B072-5146100AC7D3} = {330F6205-CF3A-4908-99B0-C9F7E16A6E1A}
		{B98568FC-C13D-443E-B0B5-2359049B4A30} = {330F6205-CF3A-4908-99B0-C9F7E16A6E1A}
		{5BDB1EF2-66BA-4A22-937D-0CBD3952FE8A} = {330F6205-CF3A-4908-99B0-C9F7E16A6E1A}
		{754F27F0-F483-454F-A719-1227DFD4D152} = {3D100728-A210-47B7-95B3-EE03B78A2CBF}
		{04F953C4-CAEA-4A2B-AF5A-ABC5DC3C4AE2} = {754F27F0-F483-454F-A719-1227DFD4D152}
		{E04CD3D3-9101-4E04-AD29-D892F0A8F12F} = {3D100728-A210-47B7-95B3-EE03B78A2CBF}
		{FA9E5621-58CB-463F-B585-0A9D8F18921B} = {E04CD3D3-9101-4E04-AD29-D892F0A8F12F}
		{AD442140-3385-4E71-8EFD-165117D40173} = {E04CD3D3-9101-4E04-AD29-D892F0A8F12F}
		{C71FD38F-C91E-46F6-9620-46B6789CD4B0} = {E04CD3D3-9101-4E04-AD29-D892F0A8F12F}
		{FA1DA3A8-0BA1-4321-92E5-BE59A881D4F6} = {E04CD3D3-9101-4E04-AD29-D892F0A8F12F}
		{832CE6EF-34CB-48BD-BA14-80700A6DACDE} = {E04CD3D3-9101-4E04-AD29-D892F0A8F12F}
		{B9AA2E33-E2D9-45DF-9860-C9952D963EA4} = {E04CD3D3-9101-4E04-AD29-D892F0A8F12F}
		{BC4AF664-E872-4E76-B89C-E04586FE376F} = {9FB15A67-FB50-4A98-B18B-4C73F30916E5}
		{E355242E-489A-491B-84A8-1718A83AAE02} = {9FB15A67-FB50-4A98-B18B-4C73F30916E5}
		{3A294DC1-A593-45C5-9862-4E708F98B54D} = {32E77AB5-D99C-44D7-A03C-AA1CFF0C7DD8}
		{A6D41471-EB57-4FC4-8200-8973C3B23CEE} = {3A294DC1-A593-45C5-9862-4E708F98B54D}
		{1F9BE9C7-B904-494D-849A-2326C21A2B78} = {A6D41471-EB57-4FC4-8200-8973C3B23CEE}
		{5FFB2A0F-1829-40A5-BA5B-8EBD8D54536D} = {E04CD3D3-9101-4E04-AD29-D892F0A8F12F}
		{3FBA5549-2952-4BD0-87A2-74647D3BA81E} = {84FF68DC-20A5-4FD3-BBAC-6144B055FC62}
		{A6FE2971-FF00-45BE-9DB8-3EACBE26D418} = {3A294DC1-A593-45C5-9862-4E708F98B54D}
		{293D79A4-9593-4F78-8939-4FF26E3904A5} = {3A294DC1-A593-45C5-9862-4E708F98B54D}
		{E8F837BC-9299-4A1E-9EE3-957ADA29957D} = {3A294DC1-A593-45C5-9862-4E708F98B54D}
		{0C2A1D29-E412-45AC-99BF-D337145FD3B6} = {32E77AB5-D99C-44D7-A03C-AA1CFF0C7DD8}
		{BAA5DDCE-9FCF-4460-96AB-18F5AD4E5012} = {32E77AB5-D99C-44D7-A03C-AA1CFF0C7DD8}
		{72BE3BE5-0BA3-44E0-9FDA-F6238A69742B} = {32E77AB5-D99C-44D7-A03C-AA1CFF0C7DD8}
		{485A6061-47A7-4A83-AFBD-860301B95634} = {3A294DC1-A593-45C5-9862-4E708F98B54D}
		{81EEBB8F-AB08-4AE6-9FC4-D580F81A02D5} = {3A294DC1-A593-45C5-9862-4E708F98B54D}
		{3A830F89-8137-461D-9A2D-8019AAD2F1C4} = {32E77AB5-D99C-44D7-A03C-AA1CFF0C7DD8}
		{084DF61F-964B-40BB-92A3-8392D6014EDB} = {3D100728-A210-47B7-95B3-EE03B78A2CBF}
		{02C65460-26DE-4B24-9F55-E480E2632113} = {2DA941C2-6F13-476B-8D1C-750522BCF927}
	EndGlobalSection
	GlobalSection(ExtensibilityGlobals) = postSolution
		SolutionGuid = {83D64980-3E32-416F-96AB-6D26A41A3911}
	EndGlobalSection
EndGlobal
