
Microsoft Visual Studio Solution File, Format Version 12.00
# Visual Studio Version 17
VisualStudioVersion = 17.5.33516.290
MinimumVisualStudioVersion = 10.0.40219.1
Project("{9A19103F-16F7-4668-BE54-9A1E7A4F7556}") = "BubleSort", "BubleSort\BubleSort.csproj", "{99A14B95-D5A4-44C5-A2F0-21680C841128}"
EndProject
Project("{2150E333-8FDC-42A3-9474-1A3956D46DE8}") = "Sorting", "Sorting", "{EFF8CC29-82BA-4EA1-AC92-D9C5D0EC8B1A}"
EndProject
Project("{9A19103F-16F7-4668-BE54-9A1E7A4F7556}") = "MergeSort", "MergeSort\MergeSort.csproj", "{E74F43DD-F4CA-4035-97EF-7B4B559DFB9B}"
EndProject
Project("{9A19103F-16F7-4668-BE54-9A1E7A4F7556}") = "QuickSort", "InsertSort\QuickSort.csproj", "{CA50DFAC-A8F5-493B-9F4A-70D0A45281E8}"
EndProject
Project("{2150E333-8FDC-42A3-9474-1A3956D46DE8}") = "LeetCode", "LeetCode", "{3D100728-A210-47B7-95B3-EE03B78A2CBF}"
EndProject
Project("{2150E333-8FDC-42A3-9474-1A3956D46DE8}") = "Day 1", "Day 1", "{662CA8F9-75DD-4F15-93A5-7A5EBD55CF55}"
EndProject
Project("{9A19103F-16F7-4668-BE54-9A1E7A4F7556}") = "Running Sum of 1D array", "Running Sum of 1D array\Running Sum of 1D array.csproj", "{88FBEAF5-9087-4A67-A180-C843040DB7EF}"
EndProject
Project("{9A19103F-16F7-4668-BE54-9A1E7A4F7556}") = "Find Pivot Index", "Find Pivot Index\Find Pivot Index.csproj", "{050D476F-C081-450B-842F-CCFA7E3800DC}"
EndProject
Project("{9A19103F-16F7-4668-BE54-9A1E7A4F7556}") = "Delegates", "Delegates\Delegates.csproj", "{9E3A5EED-0127-4735-B38C-61BE03ECA16F}"
EndProject
Project("{2150E333-8FDC-42A3-9474-1A3956D46DE8}") = "Day 2", "Day 2", "{E07187B6-73B2-4788-95C8-182BB0EF819B}"
EndProject
Project("{9A19103F-16F7-4668-BE54-9A1E7A4F7556}") = "Isomorphic Strings", "Isomorphic Strings\Isomorphic Strings.csproj", "{7EB36844-A575-4262-BC91-14720774623D}"
EndProject
Project("{9A19103F-16F7-4668-BE54-9A1E7A4F7556}") = "IsSubsequence", "IsSubsequence\IsSubsequence.csproj", "{CEBC8212-754A-4522-B432-91C699C15C32}"
EndProject
Project("{2150E333-8FDC-42A3-9474-1A3956D46DE8}") = "Project patterns", "Project patterns", "{E6A5429A-706B-4059-8F0D-3975C7C53088}"
EndProject
Project("{2150E333-8FDC-42A3-9474-1A3956D46DE8}") = "Structural", "Structural", "{9FB15A67-FB50-4A98-B18B-4C73F30916E5}"
EndProject
Project("{2150E333-8FDC-42A3-9474-1A3956D46DE8}") = "Creational", "Creational", "{0A32F691-E8D9-42FF-8830-F7EFDB59B5D0}"
EndProject
Project("{2150E333-8FDC-42A3-9474-1A3956D46DE8}") = "Behavioral", "Behavioral", "{2BB2862E-CD74-4ADF-8E2A-84254DA7123E}"
EndProject
Project("{9A19103F-16F7-4668-BE54-9A1E7A4F7556}") = "Bridge", "Bridge\Bridge.csproj", "{A6F5130E-0C72-424B-BA1E-D0016AC3DA1F}"
EndProject
Project("{9A19103F-16F7-4668-BE54-9A1E7A4F7556}") = "Composite", "Composite\Composite.csproj", "{5555F68C-3EA9-4F3D-8B6C-48040A734F8E}"
EndProject
Project("{2150E333-8FDC-42A3-9474-1A3956D46DE8}") = "Day 3", "Day 3", "{2734202A-37DC-45E8-BA53-BC90BA97FA49}"
EndProject
Project("{9A19103F-16F7-4668-BE54-9A1E7A4F7556}") = "Merge Two Sorted List", "Merge Two Sorted List\Merge Two Sorted List.csproj", "{34357335-D6FF-4B79-98CC-87CB2DC06C62}"
EndProject
Project("{9A19103F-16F7-4668-BE54-9A1E7A4F7556}") = "Reverse Linked list", "Reverse Linked list\Reverse Linked list.csproj", "{01305B9C-30A8-45F5-B69E-4791D6D27FF0}"
EndProject
Project("{2150E333-8FDC-42A3-9474-1A3956D46DE8}") = "Learning projects", "Learning projects", "{32E77AB5-D99C-44D7-A03C-AA1CFF0C7DD8}"
EndProject
Project("{9A19103F-16F7-4668-BE54-9A1E7A4F7556}") = "Inheritance", "Inheritance\Inheritance.csproj", "{930E1748-003C-4DDD-9985-433B94279438}"
EndProject
Project("{9A19103F-16F7-4668-BE54-9A1E7A4F7556}") = "LINQ", "LINQ\LINQ.csproj", "{B282EA9F-F434-4CD5-B4A0-66894D0A9371}"
EndProject
Global
	GlobalSection(SolutionConfigurationPlatforms) = preSolution
		Debug|Any CPU = Debug|Any CPU
		Release|Any CPU = Release|Any CPU
	EndGlobalSection
	GlobalSection(ProjectConfigurationPlatforms) = postSolution
		{99A14B95-D5A4-44C5-A2F0-21680C841128}.Debug|Any CPU.ActiveCfg = Debug|Any CPU
		{99A14B95-D5A4-44C5-A2F0-21680C841128}.Debug|Any CPU.Build.0 = Debug|Any CPU
		{99A14B95-D5A4-44C5-A2F0-21680C841128}.Release|Any CPU.ActiveCfg = Release|Any CPU
		{99A14B95-D5A4-44C5-A2F0-21680C841128}.Release|Any CPU.Build.0 = Release|Any CPU
		{E74F43DD-F4CA-4035-97EF-7B4B559DFB9B}.Debug|Any CPU.ActiveCfg = Debug|Any CPU
		{E74F43DD-F4CA-4035-97EF-7B4B559DFB9B}.Debug|Any CPU.Build.0 = Debug|Any CPU
		{E74F43DD-F4CA-4035-97EF-7B4B559DFB9B}.Release|Any CPU.ActiveCfg = Release|Any CPU
		{E74F43DD-F4CA-4035-97EF-7B4B559DFB9B}.Release|Any CPU.Build.0 = Release|Any CPU
		{CA50DFAC-A8F5-493B-9F4A-70D0A45281E8}.Debug|Any CPU.ActiveCfg = Debug|Any CPU
		{CA50DFAC-A8F5-493B-9F4A-70D0A45281E8}.Debug|Any CPU.Build.0 = Debug|Any CPU
		{CA50DFAC-A8F5-493B-9F4A-70D0A45281E8}.Release|Any CPU.ActiveCfg = Release|Any CPU
		{CA50DFAC-A8F5-493B-9F4A-70D0A45281E8}.Release|Any CPU.Build.0 = Release|Any CPU
		{88FBEAF5-9087-4A67-A180-C843040DB7EF}.Debug|Any CPU.ActiveCfg = Debug|Any CPU
		{88FBEAF5-9087-4A67-A180-C843040DB7EF}.Debug|Any CPU.Build.0 = Debug|Any CPU
		{88FBEAF5-9087-4A67-A180-C843040DB7EF}.Release|Any CPU.ActiveCfg = Release|Any CPU
		{88FBEAF5-9087-4A67-A180-C843040DB7EF}.Release|Any CPU.Build.0 = Release|Any CPU
		{050D476F-C081-450B-842F-CCFA7E3800DC}.Debug|Any CPU.ActiveCfg = Debug|Any CPU
		{050D476F-C081-450B-842F-CCFA7E3800DC}.Debug|Any CPU.Build.0 = Debug|Any CPU
		{050D476F-C081-450B-842F-CCFA7E3800DC}.Release|Any CPU.ActiveCfg = Release|Any CPU
		{050D476F-C081-450B-842F-CCFA7E3800DC}.Release|Any CPU.Build.0 = Release|Any CPU
		{9E3A5EED-0127-4735-B38C-61BE03ECA16F}.Debug|Any CPU.ActiveCfg = Debug|Any CPU
		{9E3A5EED-0127-4735-B38C-61BE03ECA16F}.Debug|Any CPU.Build.0 = Debug|Any CPU
		{9E3A5EED-0127-4735-B38C-61BE03ECA16F}.Release|Any CPU.ActiveCfg = Release|Any CPU
		{9E3A5EED-0127-4735-B38C-61BE03ECA16F}.Release|Any CPU.Build.0 = Release|Any CPU
		{7EB36844-A575-4262-BC91-14720774623D}.Debug|Any CPU.ActiveCfg = Debug|Any CPU
		{7EB36844-A575-4262-BC91-14720774623D}.Debug|Any CPU.Build.0 = Debug|Any CPU
		{7EB36844-A575-4262-BC91-14720774623D}.Release|Any CPU.ActiveCfg = Release|Any CPU
		{7EB36844-A575-4262-BC91-14720774623D}.Release|Any CPU.Build.0 = Release|Any CPU
		{CEBC8212-754A-4522-B432-91C699C15C32}.Debug|Any CPU.ActiveCfg = Debug|Any CPU
		{CEBC8212-754A-4522-B432-91C699C15C32}.Debug|Any CPU.Build.0 = Debug|Any CPU
		{CEBC8212-754A-4522-B432-91C699C15C32}.Release|Any CPU.ActiveCfg = Release|Any CPU
		{CEBC8212-754A-4522-B432-91C699C15C32}.Release|Any CPU.Build.0 = Release|Any CPU
		{A6F5130E-0C72-424B-BA1E-D0016AC3DA1F}.Debug|Any CPU.ActiveCfg = Debug|Any CPU
		{A6F5130E-0C72-424B-BA1E-D0016AC3DA1F}.Debug|Any CPU.Build.0 = Debug|Any CPU
		{A6F5130E-0C72-424B-BA1E-D0016AC3DA1F}.Release|Any CPU.ActiveCfg = Release|Any CPU
		{A6F5130E-0C72-424B-BA1E-D0016AC3DA1F}.Release|Any CPU.Build.0 = Release|Any CPU
		{5555F68C-3EA9-4F3D-8B6C-48040A734F8E}.Debug|Any CPU.ActiveCfg = Debug|Any CPU
		{5555F68C-3EA9-4F3D-8B6C-48040A734F8E}.Debug|Any CPU.Build.0 = Debug|Any CPU
		{5555F68C-3EA9-4F3D-8B6C-48040A734F8E}.Release|Any CPU.ActiveCfg = Release|Any CPU
		{5555F68C-3EA9-4F3D-8B6C-48040A734F8E}.Release|Any CPU.Build.0 = Release|Any CPU
		{34357335-D6FF-4B79-98CC-87CB2DC06C62}.Debug|Any CPU.ActiveCfg = Debug|Any CPU
		{34357335-D6FF-4B79-98CC-87CB2DC06C62}.Debug|Any CPU.Build.0 = Debug|Any CPU
		{34357335-D6FF-4B79-98CC-87CB2DC06C62}.Release|Any CPU.ActiveCfg = Release|Any CPU
		{34357335-D6FF-4B79-98CC-87CB2DC06C62}.Release|Any CPU.Build.0 = Release|Any CPU
		{01305B9C-30A8-45F5-B69E-4791D6D27FF0}.Debug|Any CPU.ActiveCfg = Debug|Any CPU
		{01305B9C-30A8-45F5-B69E-4791D6D27FF0}.Debug|Any CPU.Build.0 = Debug|Any CPU
		{01305B9C-30A8-45F5-B69E-4791D6D27FF0}.Release|Any CPU.ActiveCfg = Release|Any CPU
		{01305B9C-30A8-45F5-B69E-4791D6D27FF0}.Release|Any CPU.Build.0 = Release|Any CPU
		{930E1748-003C-4DDD-9985-433B94279438}.Debug|Any CPU.ActiveCfg = Debug|Any CPU
		{930E1748-003C-4DDD-9985-433B94279438}.Debug|Any CPU.Build.0 = Debug|Any CPU
		{930E1748-003C-4DDD-9985-433B94279438}.Release|Any CPU.ActiveCfg = Release|Any CPU
		{930E1748-003C-4DDD-9985-433B94279438}.Release|Any CPU.Build.0 = Release|Any CPU
		{B282EA9F-F434-4CD5-B4A0-66894D0A9371}.Debug|Any CPU.ActiveCfg = Debug|Any CPU
		{B282EA9F-F434-4CD5-B4A0-66894D0A9371}.Debug|Any CPU.Build.0 = Debug|Any CPU
		{B282EA9F-F434-4CD5-B4A0-66894D0A9371}.Release|Any CPU.ActiveCfg = Release|Any CPU
		{B282EA9F-F434-4CD5-B4A0-66894D0A9371}.Release|Any CPU.Build.0 = Release|Any CPU
	EndGlobalSection
	GlobalSection(SolutionProperties) = preSolution
		HideSolutionNode = FALSE
	EndGlobalSection
	GlobalSection(NestedProjects) = preSolution
		{99A14B95-D5A4-44C5-A2F0-21680C841128} = {EFF8CC29-82BA-4EA1-AC92-D9C5D0EC8B1A}
		{E74F43DD-F4CA-4035-97EF-7B4B559DFB9B} = {EFF8CC29-82BA-4EA1-AC92-D9C5D0EC8B1A}
		{CA50DFAC-A8F5-493B-9F4A-70D0A45281E8} = {EFF8CC29-82BA-4EA1-AC92-D9C5D0EC8B1A}
		{662CA8F9-75DD-4F15-93A5-7A5EBD55CF55} = {3D100728-A210-47B7-95B3-EE03B78A2CBF}
		{88FBEAF5-9087-4A67-A180-C843040DB7EF} = {662CA8F9-75DD-4F15-93A5-7A5EBD55CF55}
		{050D476F-C081-450B-842F-CCFA7E3800DC} = {662CA8F9-75DD-4F15-93A5-7A5EBD55CF55}
		{E07187B6-73B2-4788-95C8-182BB0EF819B} = {3D100728-A210-47B7-95B3-EE03B78A2CBF}
		{7EB36844-A575-4262-BC91-14720774623D} = {E07187B6-73B2-4788-95C8-182BB0EF819B}
		{CEBC8212-754A-4522-B432-91C699C15C32} = {E07187B6-73B2-4788-95C8-182BB0EF819B}
		{9FB15A67-FB50-4A98-B18B-4C73F30916E5} = {E6A5429A-706B-4059-8F0D-3975C7C53088}
		{0A32F691-E8D9-42FF-8830-F7EFDB59B5D0} = {E6A5429A-706B-4059-8F0D-3975C7C53088}
		{2BB2862E-CD74-4ADF-8E2A-84254DA7123E} = {E6A5429A-706B-4059-8F0D-3975C7C53088}
		{A6F5130E-0C72-424B-BA1E-D0016AC3DA1F} = {9FB15A67-FB50-4A98-B18B-4C73F30916E5}
		{5555F68C-3EA9-4F3D-8B6C-48040A734F8E} = {9FB15A67-FB50-4A98-B18B-4C73F30916E5}
		{2734202A-37DC-45E8-BA53-BC90BA97FA49} = {3D100728-A210-47B7-95B3-EE03B78A2CBF}
		{34357335-D6FF-4B79-98CC-87CB2DC06C62} = {2734202A-37DC-45E8-BA53-BC90BA97FA49}
		{01305B9C-30A8-45F5-B69E-4791D6D27FF0} = {2734202A-37DC-45E8-BA53-BC90BA97FA49}
		{930E1748-003C-4DDD-9985-433B94279438} = {32E77AB5-D99C-44D7-A03C-AA1CFF0C7DD8}
		{B282EA9F-F434-4CD5-B4A0-66894D0A9371} = {32E77AB5-D99C-44D7-A03C-AA1CFF0C7DD8}
	EndGlobalSection
	GlobalSection(ExtensibilityGlobals) = postSolution
		SolutionGuid = {83D64980-3E32-416F-96AB-6D26A41A3911}
	EndGlobalSection
EndGlobal
